// !$*UTF8*$!
{
	archiveVersion = 1;
	classes = {
	};
	objectVersion = 56;
	objects = {

/* Begin PBXBuildFile section */
		820B65B42A3962B00072F60E /* AppDelegate.swift in Sources */ = {isa = PBXBuildFile; fileRef = 820B65B32A3962B00072F60E /* AppDelegate.swift */; };
		820B65B62A3962B00072F60E /* SceneDelegate.swift in Sources */ = {isa = PBXBuildFile; fileRef = 820B65B52A3962B00072F60E /* SceneDelegate.swift */; };
		820B65BD2A3962B10072F60E /* Assets.xcassets in Resources */ = {isa = PBXBuildFile; fileRef = 820B65BC2A3962B10072F60E /* Assets.xcassets */; };
		820B65C02A3962B10072F60E /* LaunchScreen.storyboard in Resources */ = {isa = PBXBuildFile; fileRef = 820B65BE2A3962B10072F60E /* LaunchScreen.storyboard */; };
		820B65CA2A399CE70072F60E /* SiteViewController.swift in Sources */ = {isa = PBXBuildFile; fileRef = 820B65C92A399CE70072F60E /* SiteViewController.swift */; };
		820B65D32A39B4080072F60E /* SiteResponse.swift in Sources */ = {isa = PBXBuildFile; fileRef = 820B65D22A39B4080072F60E /* SiteResponse.swift */; };
		820B65D52A39C0240072F60E /* MainTableViewCell.swift in Sources */ = {isa = PBXBuildFile; fileRef = 820B65D42A39C0240072F60E /* MainTableViewCell.swift */; };
		820B65D72A39C49F0072F60E /* SiteViewModel.swift in Sources */ = {isa = PBXBuildFile; fileRef = 820B65D62A39C49F0072F60E /* SiteViewModel.swift */; };
		820B65DA2A39C5900072F60E /* SDWebImage in Frameworks */ = {isa = PBXBuildFile; productRef = 820B65D92A39C5900072F60E /* SDWebImage */; };
		820B65DC2A39C5900072F60E /* SDWebImageMapKit in Frameworks */ = {isa = PBXBuildFile; productRef = 820B65DB2A39C5900072F60E /* SDWebImageMapKit */; };
		820B65DE2A39EA150072F60E /* APICaller.swift in Sources */ = {isa = PBXBuildFile; fileRef = 820B65DD2A39EA150072F60E /* APICaller.swift */; };
		820B65E02A39F7090072F60E /* PlentResponse.swift in Sources */ = {isa = PBXBuildFile; fileRef = 820B65DF2A39F7090072F60E /* PlentResponse.swift */; };
		820B65E22A3AAC340072F60E /* PlentViewModel.swift in Sources */ = {isa = PBXBuildFile; fileRef = 820B65E12A3AAC340072F60E /* PlentViewModel.swift */; };
		820B65E42A3AB2000072F60E /* SiteDetailViewModel.swift in Sources */ = {isa = PBXBuildFile; fileRef = 820B65E32A3AB2000072F60E /* SiteDetailViewModel.swift */; };
		820B65E62A3AB3220072F60E /* SiteDetailViewController.swift in Sources */ = {isa = PBXBuildFile; fileRef = 820B65E52A3AB3220072F60E /* SiteDetailViewController.swift */; };
		820B65E82A3AC05C0072F60E /* PlentDetailViewModel.swift in Sources */ = {isa = PBXBuildFile; fileRef = 820B65E72A3AC05C0072F60E /* PlentDetailViewModel.swift */; };
		820B65EA2A3AEFE80072F60E /* MainTabBarViewController.swift in Sources */ = {isa = PBXBuildFile; fileRef = 820B65E92A3AEFE80072F60E /* MainTabBarViewController.swift */; };
		820B65EC2A3AF25B0072F60E /* PlentViewController.swift in Sources */ = {isa = PBXBuildFile; fileRef = 820B65EB2A3AF25B0072F60E /* PlentViewController.swift */; };
		82C19F862A3C3B930081090D /* RxCocoa in Frameworks */ = {isa = PBXBuildFile; productRef = 82C19F852A3C3B930081090D /* RxCocoa */; };
		82C19F882A3C3B930081090D /* RxRelay in Frameworks */ = {isa = PBXBuildFile; productRef = 82C19F872A3C3B930081090D /* RxRelay */; };
		82C19F8A2A3C3B930081090D /* RxSwift in Frameworks */ = {isa = PBXBuildFile; productRef = 82C19F892A3C3B930081090D /* RxSwift */; };
		82FE87682A3F5E880059D72C /* PlentDetailViewController.swift in Sources */ = {isa = PBXBuildFile; fileRef = 82FE87672A3F5E880059D72C /* PlentDetailViewController.swift */; };
		82FE876B2A4008AD0059D72C /* Stevia in Frameworks */ = {isa = PBXBuildFile; productRef = 82FE876A2A4008AD0059D72C /* Stevia */; };
		82FE876D2A4012B50059D72C /* PlentSteviaView.swift in Sources */ = {isa = PBXBuildFile; fileRef = 82FE876C2A4012B50059D72C /* PlentSteviaView.swift */; };
/* End PBXBuildFile section */

/* Begin PBXFileReference section */
		820B65B02A3962B00072F60E /* TestDemo.app */ = {isa = PBXFileReference; explicitFileType = wrapper.application; includeInIndex = 0; path = TestDemo.app; sourceTree = BUILT_PRODUCTS_DIR; };
		820B65B32A3962B00072F60E /* AppDelegate.swift */ = {isa = PBXFileReference; lastKnownFileType = sourcecode.swift; path = AppDelegate.swift; sourceTree = "<group>"; };
		820B65B52A3962B00072F60E /* SceneDelegate.swift */ = {isa = PBXFileReference; lastKnownFileType = sourcecode.swift; path = SceneDelegate.swift; sourceTree = "<group>"; };
		820B65BC2A3962B10072F60E /* Assets.xcassets */ = {isa = PBXFileReference; lastKnownFileType = folder.assetcatalog; path = Assets.xcassets; sourceTree = "<group>"; };
		820B65BF2A3962B10072F60E /* Base */ = {isa = PBXFileReference; lastKnownFileType = file.storyboard; name = Base; path = Base.lproj/LaunchScreen.storyboard; sourceTree = "<group>"; };
		820B65C12A3962B10072F60E /* Info.plist */ = {isa = PBXFileReference; lastKnownFileType = text.plist.xml; path = Info.plist; sourceTree = "<group>"; };
		820B65C92A399CE70072F60E /* SiteViewController.swift */ = {isa = PBXFileReference; lastKnownFileType = sourcecode.swift; path = SiteViewController.swift; sourceTree = "<group>"; };
		820B65D22A39B4080072F60E /* SiteResponse.swift */ = {isa = PBXFileReference; lastKnownFileType = sourcecode.swift; path = SiteResponse.swift; sourceTree = "<group>"; };
		820B65D42A39C0240072F60E /* MainTableViewCell.swift */ = {isa = PBXFileReference; lastKnownFileType = sourcecode.swift; path = MainTableViewCell.swift; sourceTree = "<group>"; };
		820B65D62A39C49F0072F60E /* SiteViewModel.swift */ = {isa = PBXFileReference; lastKnownFileType = sourcecode.swift; path = SiteViewModel.swift; sourceTree = "<group>"; };
		820B65DD2A39EA150072F60E /* APICaller.swift */ = {isa = PBXFileReference; lastKnownFileType = sourcecode.swift; path = APICaller.swift; sourceTree = "<group>"; };
		820B65DF2A39F7090072F60E /* PlentResponse.swift */ = {isa = PBXFileReference; lastKnownFileType = sourcecode.swift; path = PlentResponse.swift; sourceTree = "<group>"; };
		820B65E12A3AAC340072F60E /* PlentViewModel.swift */ = {isa = PBXFileReference; lastKnownFileType = sourcecode.swift; path = PlentViewModel.swift; sourceTree = "<group>"; };
		820B65E32A3AB2000072F60E /* SiteDetailViewModel.swift */ = {isa = PBXFileReference; lastKnownFileType = sourcecode.swift; path = SiteDetailViewModel.swift; sourceTree = "<group>"; };
		820B65E52A3AB3220072F60E /* SiteDetailViewController.swift */ = {isa = PBXFileReference; lastKnownFileType = sourcecode.swift; path = SiteDetailViewController.swift; sourceTree = "<group>"; };
		820B65E72A3AC05C0072F60E /* PlentDetailViewModel.swift */ = {isa = PBXFileReference; lastKnownFileType = sourcecode.swift; path = PlentDetailViewModel.swift; sourceTree = "<group>"; };
		820B65E92A3AEFE80072F60E /* MainTabBarViewController.swift */ = {isa = PBXFileReference; lastKnownFileType = sourcecode.swift; path = MainTabBarViewController.swift; sourceTree = "<group>"; };
		820B65EB2A3AF25B0072F60E /* PlentViewController.swift */ = {isa = PBXFileReference; lastKnownFileType = sourcecode.swift; path = PlentViewController.swift; sourceTree = "<group>"; };
		82FE87672A3F5E880059D72C /* PlentDetailViewController.swift */ = {isa = PBXFileReference; lastKnownFileType = sourcecode.swift; path = PlentDetailViewController.swift; sourceTree = "<group>"; };
		82FE876C2A4012B50059D72C /* PlentSteviaView.swift */ = {isa = PBXFileReference; lastKnownFileType = sourcecode.swift; path = PlentSteviaView.swift; sourceTree = "<group>"; };
/* End PBXFileReference section */

/* Begin PBXFrameworksBuildPhase section */
		820B65AD2A3962B00072F60E /* Frameworks */ = {
			isa = PBXFrameworksBuildPhase;
			buildActionMask = 2147483647;
			files = (
				82FE876B2A4008AD0059D72C /* Stevia in Frameworks */,
				82C19F862A3C3B930081090D /* RxCocoa in Frameworks */,
				820B65DC2A39C5900072F60E /* SDWebImageMapKit in Frameworks */,
				82C19F8A2A3C3B930081090D /* RxSwift in Frameworks */,
				82C19F882A3C3B930081090D /* RxRelay in Frameworks */,
				820B65DA2A39C5900072F60E /* SDWebImage in Frameworks */,
			);
			runOnlyForDeploymentPostprocessing = 0;
		};
/* End PBXFrameworksBuildPhase section */

/* Begin PBXGroup section */
		820B65A72A3962B00072F60E = {
			isa = PBXGroup;
			children = (
				820B65B22A3962B00072F60E /* TestDemo */,
				820B65B12A3962B00072F60E /* Products */,
			);
			sourceTree = "<group>";
		};
		820B65B12A3962B00072F60E /* Products */ = {
			isa = PBXGroup;
			children = (
				820B65B02A3962B00072F60E /* TestDemo.app */,
			);
			name = Products;
			sourceTree = "<group>";
		};
		820B65B22A3962B00072F60E /* TestDemo */ = {
			isa = PBXGroup;
			children = (
				820B65CF2A399D4C0072F60E /* Managers */,
				820B65CE2A399D310072F60E /* Views */,
				820B65CD2A399D060072F60E /* ViewModels */,
				820B65CC2A399CFF0072F60E /* Models */,
				820B65CB2A399CEE0072F60E /* Controllers */,
				820B65B32A3962B00072F60E /* AppDelegate.swift */,
				820B65B52A3962B00072F60E /* SceneDelegate.swift */,
				820B65BC2A3962B10072F60E /* Assets.xcassets */,
				820B65BE2A3962B10072F60E /* LaunchScreen.storyboard */,
				820B65C12A3962B10072F60E /* Info.plist */,
			);
			path = TestDemo;
			sourceTree = "<group>";
		};
		820B65CB2A399CEE0072F60E /* Controllers */ = {
			isa = PBXGroup;
			children = (
				820B65C92A399CE70072F60E /* SiteViewController.swift */,
				820B65E52A3AB3220072F60E /* SiteDetailViewController.swift */,
				820B65E92A3AEFE80072F60E /* MainTabBarViewController.swift */,
				820B65EB2A3AF25B0072F60E /* PlentViewController.swift */,
				82FE87672A3F5E880059D72C /* PlentDetailViewController.swift */,
			);
			path = Controllers;
			sourceTree = "<group>";
		};
		820B65CC2A399CFF0072F60E /* Models */ = {
			isa = PBXGroup;
			children = (
				820B65D22A39B4080072F60E /* SiteResponse.swift */,
				820B65DF2A39F7090072F60E /* PlentResponse.swift */,
			);
			path = Models;
			sourceTree = "<group>";
		};
		820B65CD2A399D060072F60E /* ViewModels */ = {
			isa = PBXGroup;
			children = (
				820B65D62A39C49F0072F60E /* SiteViewModel.swift */,
				820B65E12A3AAC340072F60E /* PlentViewModel.swift */,
				820B65E32A3AB2000072F60E /* SiteDetailViewModel.swift */,
				820B65E72A3AC05C0072F60E /* PlentDetailViewModel.swift */,
			);
			path = ViewModels;
			sourceTree = "<group>";
		};
		820B65CE2A399D310072F60E /* Views */ = {
			isa = PBXGroup;
			children = (
				820B65D42A39C0240072F60E /* MainTableViewCell.swift */,
				82FE876C2A4012B50059D72C /* PlentSteviaView.swift */,
			);
			path = Views;
			sourceTree = "<group>";
		};
		820B65CF2A399D4C0072F60E /* Managers */ = {
			isa = PBXGroup;
			children = (
				820B65DD2A39EA150072F60E /* APICaller.swift */,
			);
			path = Managers;
			sourceTree = "<group>";
		};
/* End PBXGroup section */

/* Begin PBXNativeTarget section */
		820B65AF2A3962B00072F60E /* TestDemo */ = {
			isa = PBXNativeTarget;
			buildConfigurationList = 820B65C42A3962B10072F60E /* Build configuration list for PBXNativeTarget "TestDemo" */;
			buildPhases = (
				820B65AC2A3962B00072F60E /* Sources */,
				820B65AD2A3962B00072F60E /* Frameworks */,
				820B65AE2A3962B00072F60E /* Resources */,
			);
			buildRules = (
			);
			dependencies = (
			);
			name = TestDemo;
			packageProductDependencies = (
				820B65D92A39C5900072F60E /* SDWebImage */,
				820B65DB2A39C5900072F60E /* SDWebImageMapKit */,
				82C19F852A3C3B930081090D /* RxCocoa */,
				82C19F872A3C3B930081090D /* RxRelay */,
				82C19F892A3C3B930081090D /* RxSwift */,
				82FE876A2A4008AD0059D72C /* Stevia */,
			);
			productName = TestDemo;
			productReference = 820B65B02A3962B00072F60E /* TestDemo.app */;
			productType = "com.apple.product-type.application";
		};
/* End PBXNativeTarget section */

/* Begin PBXProject section */
		820B65A82A3962B00072F60E /* Project object */ = {
			isa = PBXProject;
			attributes = {
				BuildIndependentTargetsInParallel = 1;
				LastSwiftUpdateCheck = 1430;
				LastUpgradeCheck = 1430;
				TargetAttributes = {
					820B65AF2A3962B00072F60E = {
						CreatedOnToolsVersion = 14.3.1;
					};
				};
			};
			buildConfigurationList = 820B65AB2A3962B00072F60E /* Build configuration list for PBXProject "TestDemo" */;
			compatibilityVersion = "Xcode 14.0";
			developmentRegion = en;
			hasScannedForEncodings = 0;
			knownRegions = (
				en,
				Base,
			);
			mainGroup = 820B65A72A3962B00072F60E;
			packageReferences = (
				820B65D82A39C5900072F60E /* XCRemoteSwiftPackageReference "SDWebImage" */,
				82C19F842A3C3B930081090D /* XCRemoteSwiftPackageReference "RxSwift" */,
				82FE87692A4008AD0059D72C /* XCRemoteSwiftPackageReference "Stevia" */,
			);
			productRefGroup = 820B65B12A3962B00072F60E /* Products */;
			projectDirPath = "";
			projectRoot = "";
			targets = (
				820B65AF2A3962B00072F60E /* TestDemo */,
			);
		};
/* End PBXProject section */

/* Begin PBXResourcesBuildPhase section */
		820B65AE2A3962B00072F60E /* Resources */ = {
			isa = PBXResourcesBuildPhase;
			buildActionMask = 2147483647;
			files = (
				820B65C02A3962B10072F60E /* LaunchScreen.storyboard in Resources */,
				820B65BD2A3962B10072F60E /* Assets.xcassets in Resources */,
			);
			runOnlyForDeploymentPostprocessing = 0;
		};
/* End PBXResourcesBuildPhase section */

/* Begin PBXSourcesBuildPhase section */
		820B65AC2A3962B00072F60E /* Sources */ = {
			isa = PBXSourcesBuildPhase;
			buildActionMask = 2147483647;
			files = (
				820B65E22A3AAC340072F60E /* PlentViewModel.swift in Sources */,
				820B65D72A39C49F0072F60E /* SiteViewModel.swift in Sources */,
				820B65CA2A399CE70072F60E /* SiteViewController.swift in Sources */,
				820B65EA2A3AEFE80072F60E /* MainTabBarViewController.swift in Sources */,
				820B65E62A3AB3220072F60E /* SiteDetailViewController.swift in Sources */,
				820B65D32A39B4080072F60E /* SiteResponse.swift in Sources */,
				820B65E82A3AC05C0072F60E /* PlentDetailViewModel.swift in Sources */,
				820B65B42A3962B00072F60E /* AppDelegate.swift in Sources */,
				82FE876D2A4012B50059D72C /* PlentSteviaView.swift in Sources */,
				820B65B62A3962B00072F60E /* SceneDelegate.swift in Sources */,
				820B65EC2A3AF25B0072F60E /* PlentViewController.swift in Sources */,
				820B65E02A39F7090072F60E /* PlentResponse.swift in Sources */,
				820B65D52A39C0240072F60E /* MainTableViewCell.swift in Sources */,
				820B65E42A3AB2000072F60E /* SiteDetailViewModel.swift in Sources */,
				820B65DE2A39EA150072F60E /* APICaller.swift in Sources */,
				82FE87682A3F5E880059D72C /* PlentDetailViewController.swift in Sources */,
			);
			runOnlyForDeploymentPostprocessing = 0;
		};
/* End PBXSourcesBuildPhase section */

/* Begin PBXVariantGroup section */
		820B65BE2A3962B10072F60E /* LaunchScreen.storyboard */ = {
			isa = PBXVariantGroup;
			children = (
				820B65BF2A3962B10072F60E /* Base */,
			);
			name = LaunchScreen.storyboard;
			sourceTree = "<group>";
		};
/* End PBXVariantGroup section */

/* Begin XCBuildConfiguration section */
		820B65C22A3962B10072F60E /* Debug */ = {
			isa = XCBuildConfiguration;
			buildSettings = {
				ALWAYS_SEARCH_USER_PATHS = NO;
				CLANG_ANALYZER_NONNULL = YES;
				CLANG_ANALYZER_NUMBER_OBJECT_CONVERSION = YES_AGGRESSIVE;
				CLANG_CXX_LANGUAGE_STANDARD = "gnu++20";
				CLANG_ENABLE_MODULES = YES;
				CLANG_ENABLE_OBJC_ARC = YES;
				CLANG_ENABLE_OBJC_WEAK = YES;
				CLANG_WARN_BLOCK_CAPTURE_AUTORELEASING = YES;
				CLANG_WARN_BOOL_CONVERSION = YES;
				CLANG_WARN_COMMA = YES;
				CLANG_WARN_CONSTANT_CONVERSION = YES;
				CLANG_WARN_DEPRECATED_OBJC_IMPLEMENTATIONS = YES;
				CLANG_WARN_DIRECT_OBJC_ISA_USAGE = YES_ERROR;
				CLANG_WARN_DOCUMENTATION_COMMENTS = YES;
				CLANG_WARN_EMPTY_BODY = YES;
				CLANG_WARN_ENUM_CONVERSION = YES;
				CLANG_WARN_INFINITE_RECURSION = YES;
				CLANG_WARN_INT_CONVERSION = YES;
				CLANG_WARN_NON_LITERAL_NULL_CONVERSION = YES;
				CLANG_WARN_OBJC_IMPLICIT_RETAIN_SELF = YES;
				CLANG_WARN_OBJC_LITERAL_CONVERSION = YES;
				CLANG_WARN_OBJC_ROOT_CLASS = YES_ERROR;
				CLANG_WARN_QUOTED_INCLUDE_IN_FRAMEWORK_HEADER = YES;
				CLANG_WARN_RANGE_LOOP_ANALYSIS = YES;
				CLANG_WARN_STRICT_PROTOTYPES = YES;
				CLANG_WARN_SUSPICIOUS_MOVE = YES;
				CLANG_WARN_UNGUARDED_AVAILABILITY = YES_AGGRESSIVE;
				CLANG_WARN_UNREACHABLE_CODE = YES;
				CLANG_WARN__DUPLICATE_METHOD_MATCH = YES;
				COPY_PHASE_STRIP = NO;
				DEBUG_INFORMATION_FORMAT = dwarf;
				ENABLE_STRICT_OBJC_MSGSEND = YES;
				ENABLE_TESTABILITY = YES;
				GCC_C_LANGUAGE_STANDARD = gnu11;
				GCC_DYNAMIC_NO_PIC = NO;
				GCC_NO_COMMON_BLOCKS = YES;
				GCC_OPTIMIZATION_LEVEL = 0;
				GCC_PREPROCESSOR_DEFINITIONS = (
					"DEBUG=1",
					"$(inherited)",
				);
				GCC_WARN_64_TO_32_BIT_CONVERSION = YES;
				GCC_WARN_ABOUT_RETURN_TYPE = YES_ERROR;
				GCC_WARN_UNDECLARED_SELECTOR = YES;
				GCC_WARN_UNINITIALIZED_AUTOS = YES_AGGRESSIVE;
				GCC_WARN_UNUSED_FUNCTION = YES;
				GCC_WARN_UNUSED_VARIABLE = YES;
				IPHONEOS_DEPLOYMENT_TARGET = 16.4;
				MTL_ENABLE_DEBUG_INFO = INCLUDE_SOURCE;
				MTL_FAST_MATH = YES;
				ONLY_ACTIVE_ARCH = YES;
				SDKROOT = iphoneos;
				SWIFT_ACTIVE_COMPILATION_CONDITIONS = DEBUG;
				SWIFT_OPTIMIZATION_LEVEL = "-Onone";
			};
			name = Debug;
		};
		820B65C32A3962B10072F60E /* Release */ = {
			isa = XCBuildConfiguration;
			buildSettings = {
				ALWAYS_SEARCH_USER_PATHS = NO;
				CLANG_ANALYZER_NONNULL = YES;
				CLANG_ANALYZER_NUMBER_OBJECT_CONVERSION = YES_AGGRESSIVE;
				CLANG_CXX_LANGUAGE_STANDARD = "gnu++20";
				CLANG_ENABLE_MODULES = YES;
				CLANG_ENABLE_OBJC_ARC = YES;
				CLANG_ENABLE_OBJC_WEAK = YES;
				CLANG_WARN_BLOCK_CAPTURE_AUTORELEASING = YES;
				CLANG_WARN_BOOL_CONVERSION = YES;
				CLANG_WARN_COMMA = YES;
				CLANG_WARN_CONSTANT_CONVERSION = YES;
				CLANG_WARN_DEPRECATED_OBJC_IMPLEMENTATIONS = YES;
				CLANG_WARN_DIRECT_OBJC_ISA_USAGE = YES_ERROR;
				CLANG_WARN_DOCUMENTATION_COMMENTS = YES;
				CLANG_WARN_EMPTY_BODY = YES;
				CLANG_WARN_ENUM_CONVERSION = YES;
				CLANG_WARN_INFINITE_RECURSION = YES;
				CLANG_WARN_INT_CONVERSION = YES;
				CLANG_WARN_NON_LITERAL_NULL_CONVERSION = YES;
				CLANG_WARN_OBJC_IMPLICIT_RETAIN_SELF = YES;
				CLANG_WARN_OBJC_LITERAL_CONVERSION = YES;
				CLANG_WARN_OBJC_ROOT_CLASS = YES_ERROR;
				CLANG_WARN_QUOTED_INCLUDE_IN_FRAMEWORK_HEADER = YES;
				CLANG_WARN_RANGE_LOOP_ANALYSIS = YES;
				CLANG_WARN_STRICT_PROTOTYPES = YES;
				CLANG_WARN_SUSPICIOUS_MOVE = YES;
				CLANG_WARN_UNGUARDED_AVAILABILITY = YES_AGGRESSIVE;
				CLANG_WARN_UNREACHABLE_CODE = YES;
				CLANG_WARN__DUPLICATE_METHOD_MATCH = YES;
				COPY_PHASE_STRIP = NO;
				DEBUG_INFORMATION_FORMAT = "dwarf-with-dsym";
				ENABLE_NS_ASSERTIONS = NO;
				ENABLE_STRICT_OBJC_MSGSEND = YES;
				GCC_C_LANGUAGE_STANDARD = gnu11;
				GCC_NO_COMMON_BLOCKS = YES;
				GCC_WARN_64_TO_32_BIT_CONVERSION = YES;
				GCC_WARN_ABOUT_RETURN_TYPE = YES_ERROR;
				GCC_WARN_UNDECLARED_SELECTOR = YES;
				GCC_WARN_UNINITIALIZED_AUTOS = YES_AGGRESSIVE;
				GCC_WARN_UNUSED_FUNCTION = YES;
				GCC_WARN_UNUSED_VARIABLE = YES;
				IPHONEOS_DEPLOYMENT_TARGET = 16.4;
				MTL_ENABLE_DEBUG_INFO = NO;
				MTL_FAST_MATH = YES;
				SDKROOT = iphoneos;
				SWIFT_COMPILATION_MODE = wholemodule;
				SWIFT_OPTIMIZATION_LEVEL = "-O";
				VALIDATE_PRODUCT = YES;
			};
			name = Release;
		};
		820B65C52A3962B10072F60E /* Debug */ = {
			isa = XCBuildConfiguration;
			buildSettings = {
				ASSETCATALOG_COMPILER_APPICON_NAME = AppIcon;
				ASSETCATALOG_COMPILER_GLOBAL_ACCENT_COLOR_NAME = AccentColor;
				CODE_SIGN_STYLE = Automatic;
				CURRENT_PROJECT_VERSION = 1;
				GENERATE_INFOPLIST_FILE = YES;
				INFOPLIST_FILE = TestDemo/Info.plist;
				INFOPLIST_KEY_UIApplicationSupportsIndirectInputEvents = YES;
				INFOPLIST_KEY_UILaunchStoryboardName = LaunchScreen;
				INFOPLIST_KEY_UISupportedInterfaceOrientations_iPad = "UIInterfaceOrientationPortrait UIInterfaceOrientationPortraitUpsideDown UIInterfaceOrientationLandscapeLeft UIInterfaceOrientationLandscapeRight";
				INFOPLIST_KEY_UISupportedInterfaceOrientations_iPhone = "UIInterfaceOrientationPortrait UIInterfaceOrientationLandscapeLeft UIInterfaceOrientationLandscapeRight";
				LD_RUNPATH_SEARCH_PATHS = (
					"$(inherited)",
					"@executable_path/Frameworks",
				);
				MARKETING_VERSION = 1.0;
				PRODUCT_BUNDLE_IDENTIFIER = com.mike.TestDemo;
				PRODUCT_NAME = "$(TARGET_NAME)";
				SWIFT_EMIT_LOC_STRINGS = YES;
				SWIFT_VERSION = 5.0;
				TARGETED_DEVICE_FAMILY = "1,2";
			};
			name = Debug;
		};
		820B65C62A3962B10072F60E /* Release */ = {
			isa = XCBuildConfiguration;
			buildSettings = {
				ASSETCATALOG_COMPILER_APPICON_NAME = AppIcon;
				ASSETCATALOG_COMPILER_GLOBAL_ACCENT_COLOR_NAME = AccentColor;
				CODE_SIGN_STYLE = Automatic;
				CURRENT_PROJECT_VERSION = 1;
				GENERATE_INFOPLIST_FILE = YES;
				INFOPLIST_FILE = TestDemo/Info.plist;
				INFOPLIST_KEY_UIApplicationSupportsIndirectInputEvents = YES;
				INFOPLIST_KEY_UILaunchStoryboardName = LaunchScreen;
				INFOPLIST_KEY_UISupportedInterfaceOrientations_iPad = "UIInterfaceOrientationPortrait UIInterfaceOrientationPortraitUpsideDown UIInterfaceOrientationLandscapeLeft UIInterfaceOrientationLandscapeRight";
				INFOPLIST_KEY_UISupportedInterfaceOrientations_iPhone = "UIInterfaceOrientationPortrait UIInterfaceOrientationLandscapeLeft UIInterfaceOrientationLandscapeRight";
				LD_RUNPATH_SEARCH_PATHS = (
					"$(inherited)",
					"@executable_path/Frameworks",
				);
				MARKETING_VERSION = 1.0;
				PRODUCT_BUNDLE_IDENTIFIER = com.mike.TestDemo;
				PRODUCT_NAME = "$(TARGET_NAME)";
				SWIFT_EMIT_LOC_STRINGS = YES;
				SWIFT_VERSION = 5.0;
				TARGETED_DEVICE_FAMILY = "1,2";
			};
			name = Release;
		};
/* End XCBuildConfiguration section */

/* Begin XCConfigurationList section */
		820B65AB2A3962B00072F60E /* Build configuration list for PBXProject "TestDemo" */ = {
			isa = XCConfigurationList;
			buildConfigurations = (
				820B65C22A3962B10072F60E /* Debug */,
				820B65C32A3962B10072F60E /* Release */,
			);
			defaultConfigurationIsVisible = 0;
			defaultConfigurationName = Release;
		};
		820B65C42A3962B10072F60E /* Build configuration list for PBXNativeTarget "TestDemo" */ = {
			isa = XCConfigurationList;
			buildConfigurations = (
				820B65C52A3962B10072F60E /* Debug */,
				820B65C62A3962B10072F60E /* Release */,
			);
			defaultConfigurationIsVisible = 0;
			defaultConfigurationName = Release;
		};
/* End XCConfigurationList section */

/* Begin XCRemoteSwiftPackageReference section */
		820B65D82A39C5900072F60E /* XCRemoteSwiftPackageReference "SDWebImage" */ = {
			isa = XCRemoteSwiftPackageReference;
			repositoryURL = "https://github.com/SDWebImage/SDWebImage.git";
			requirement = {
				kind = upToNextMajorVersion;
				minimumVersion = 5.0.0;
			};
		};
		82C19F842A3C3B930081090D /* XCRemoteSwiftPackageReference "RxSwift" */ = {
			isa = XCRemoteSwiftPackageReference;
			repositoryURL = "https://github.com/ReactiveX/RxSwift.git";
			requirement = {
				kind = upToNextMajorVersion;
				minimumVersion = 6.0.0;
			};
		};
		82FE87692A4008AD0059D72C /* XCRemoteSwiftPackageReference "Stevia" */ = {
			isa = XCRemoteSwiftPackageReference;
			repositoryURL = "https://github.com/freshOS/Stevia.git";
			requirement = {
				kind = upToNextMajorVersion;
				minimumVersion = 5.0.0;
			};
		};
/* End XCRemoteSwiftPackageReference section */

/* Begin XCSwiftPackageProductDependency section */
		820B65D92A39C5900072F60E /* SDWebImage */ = {
			isa = XCSwiftPackageProductDependency;
			package = 820B65D82A39C5900072F60E /* XCRemoteSwiftPackageReference "SDWebImage" */;
			productName = SDWebImage;
		};
		820B65DB2A39C5900072F60E /* SDWebImageMapKit */ = {
			isa = XCSwiftPackageProductDependency;
			package = 820B65D82A39C5900072F60E /* XCRemoteSwiftPackageReference "SDWebImage" */;
			productName = SDWebImageMapKit;
		};
		82C19F852A3C3B930081090D /* RxCocoa */ = {
			isa = XCSwiftPackageProductDependency;
			package = 82C19F842A3C3B930081090D /* XCRemoteSwiftPackageReference "RxSwift" */;
			productName = RxCocoa;
		};
		82C19F872A3C3B930081090D /* RxRelay */ = {
			isa = XCSwiftPackageProductDependency;
			package = 82C19F842A3C3B930081090D /* XCRemoteSwiftPackageReference "RxSwift" */;
			productName = RxRelay;
		};
		82C19F892A3C3B930081090D /* RxSwift */ = {
			isa = XCSwiftPackageProductDependency;
			package = 82C19F842A3C3B930081090D /* XCRemoteSwiftPackageReference "RxSwift" */;
			productName = RxSwift;
		};
		82FE876A2A4008AD0059D72C /* Stevia */ = {
			isa = XCSwiftPackageProductDependency;
			package = 82FE87692A4008AD0059D72C /* XCRemoteSwiftPackageReference "Stevia" */;
			productName = Stevia;
		};
/* End XCSwiftPackageProductDependency section */
	};
	rootObject = 820B65A82A3962B00072F60E /* Project object */;
}
